
Microsoft Visual Studio Solution File, Format Version 12.00
# Visual Studio 15
VisualStudioVersion = 15.0.26124.0
MinimumVisualStudioVersion = 15.0.26124.0
Project("{FAE04EC0-301F-11D3-BF4B-00C04F79EFBC}") = "api", "api\api.csproj", "{B70A4C61-5A9E-4530-82F6-8489FCE8288B}"
EndProject
Project("{FAE04EC0-301F-11D3-BF4B-00C04F79EFBC}") = "api.test", "api.test\api.test.csproj", "{01B93A7B-295D-43FA-BE8D-84C70BC63C73}"
EndProject
Global
	GlobalSection(SolutionConfigurationPlatforms) = preSolution
		Debug|Any CPU = Debug|Any CPU
		Debug|x64 = Debug|x64
		Debug|x86 = Debug|x86
		Release|Any CPU = Release|Any CPU
		Release|x64 = Release|x64
		Release|x86 = Release|x86
	EndGlobalSection
	GlobalSection(SolutionProperties) = preSolution
		HideSolutionNode = FALSE
	EndGlobalSection
	GlobalSection(ProjectConfigurationPlatforms) = postSolution
		{B70A4C61-5A9E-4530-82F6-8489FCE8288B}.Debug|Any CPU.ActiveCfg = Debug|Any CPU
		{B70A4C61-5A9E-4530-82F6-8489FCE8288B}.Debug|Any CPU.Build.0 = Debug|Any CPU
		{B70A4C61-5A9E-4530-82F6-8489FCE8288B}.Debug|x64.ActiveCfg = Debug|Any CPU
		{B70A4C61-5A9E-4530-82F6-8489FCE8288B}.Debug|x64.Build.0 = Debug|Any CPU
		{B70A4C61-5A9E-4530-82F6-8489FCE8288B}.Debug|x86.ActiveCfg = Debug|Any CPU
		{B70A4C61-5A9E-4530-82F6-8489FCE8288B}.Debug|x86.Build.0 = Debug|Any CPU
		{B70A4C61-5A9E-4530-82F6-8489FCE8288B}.Release|Any CPU.ActiveCfg = Release|Any CPU
		{B70A4C61-5A9E-4530-82F6-8489FCE8288B}.Release|Any CPU.Build.0 = Release|Any CPU
		{B70A4C61-5A9E-4530-82F6-8489FCE8288B}.Release|x64.ActiveCfg = Release|Any CPU
		{B70A4C61-5A9E-4530-82F6-8489FCE8288B}.Release|x64.Build.0 = Release|Any CPU
		{B70A4C61-5A9E-4530-82F6-8489FCE8288B}.Release|x86.ActiveCfg = Release|Any CPU
		{B70A4C61-5A9E-4530-82F6-8489FCE8288B}.Release|x86.Build.0 = Release|Any CPU
		{01B93A7B-295D-43FA-BE8D-84C70BC63C73}.Debug|Any CPU.ActiveCfg = Debug|Any CPU
		{01B93A7B-295D-43FA-BE8D-84C70BC63C73}.Debug|Any CPU.Build.0 = Debug|Any CPU
		{01B93A7B-295D-43FA-BE8D-84C70BC63C73}.Debug|x64.ActiveCfg = Debug|Any CPU
		{01B93A7B-295D-43FA-BE8D-84C70BC63C73}.Debug|x64.Build.0 = Debug|Any CPU
		{01B93A7B-295D-43FA-BE8D-84C70BC63C73}.Debug|x86.ActiveCfg = Debug|Any CPU
		{01B93A7B-295D-43FA-BE8D-84C70BC63C73}.Debug|x86.Build.0 = Debug|Any CPU
		{01B93A7B-295D-43FA-BE8D-84C70BC63C73}.Release|Any CPU.ActiveCfg = Release|Any CPU
		{01B93A7B-295D-43FA-BE8D-84C70BC63C73}.Release|Any CPU.Build.0 = Release|Any CPU
		{01B93A7B-295D-43FA-BE8D-84C70BC63C73}.Release|x64.ActiveCfg = Release|Any CPU
		{01B93A7B-295D-43FA-BE8D-84C70BC63C73}.Release|x64.Build.0 = Release|Any CPU
		{01B93A7B-295D-43FA-BE8D-84C70BC63C73}.Release|x86.ActiveCfg = Release|Any CPU
		{01B93A7B-295D-43FA-BE8D-84C70BC63C73}.Release|x86.Build.0 = Release|Any CPU
	EndGlobalSection
EndGlobal
