
Microsoft Visual Studio Solution File, Format Version 12.00
# Visual Studio Version 16
VisualStudioVersion = 16.0.32106.194
MinimumVisualStudioVersion = 10.0.40219.1
Project("{FAE04EC0-301F-11D3-BF4B-00C04F79EFBC}") = "AzureTableStorage", "AzureTableStorage\AzureTableStorage.csproj", "{B27CE541-29DC-4D4E-9DFE-B148364A196C}"
EndProject
Global
	GlobalSection(SolutionConfigurationPlatforms) = preSolution
		Debug|Any CPU = Debug|Any CPU
		Release|Any CPU = Release|Any CPU
	EndGlobalSection
	GlobalSection(ProjectConfigurationPlatforms) = postSolution
		{B27CE541-29DC-4D4E-9DFE-B148364A196C}.Debug|Any CPU.ActiveCfg = Debug|Any CPU
		{B27CE541-29DC-4D4E-9DFE-B148364A196C}.Debug|Any CPU.Build.0 = Debug|Any CPU
		{B27CE541-29DC-4D4E-9DFE-B148364A196C}.Release|Any CPU.ActiveCfg = Release|Any CPU
		{B27CE541-29DC-4D4E-9DFE-B148364A196C}.Release|Any CPU.Build.0 = Release|Any CPU
	EndGlobalSection
	GlobalSection(SolutionProperties) = preSolution
		HideSolutionNode = FALSE
	EndGlobalSection
	GlobalSection(ExtensibilityGlobals) = postSolution
		SolutionGuid = {895C86F9-8E36-46C7-866D-04EC8C5467E6}
	EndGlobalSection
EndGlobal
