
Microsoft Visual Studio Solution File, Format Version 12.00
# Visual Studio Version 16
VisualStudioVersion = 16.0.32106.194
MinimumVisualStudioVersion = 10.0.40219.1
Project("{FAE04EC0-301F-11D3-BF4B-00C04F79EFBC}") = "HangFireInMemory", "HangFireInMemory\HangFireInMemory.csproj", "{83910289-D5D4-4549-B27E-3E130B2E1E6E}"
EndProject
Global
	GlobalSection(SolutionConfigurationPlatforms) = preSolution
		Debug|Any CPU = Debug|Any CPU
		Release|Any CPU = Release|Any CPU
	EndGlobalSection
	GlobalSection(ProjectConfigurationPlatforms) = postSolution
		{83910289-D5D4-4549-B27E-3E130B2E1E6E}.Debug|Any CPU.ActiveCfg = Debug|Any CPU
		{83910289-D5D4-4549-B27E-3E130B2E1E6E}.Debug|Any CPU.Build.0 = Debug|Any CPU
		{83910289-D5D4-4549-B27E-3E130B2E1E6E}.Release|Any CPU.ActiveCfg = Release|Any CPU
		{83910289-D5D4-4549-B27E-3E130B2E1E6E}.Release|Any CPU.Build.0 = Release|Any CPU
	EndGlobalSection
	GlobalSection(SolutionProperties) = preSolution
		HideSolutionNode = FALSE
	EndGlobalSection
	GlobalSection(ExtensibilityGlobals) = postSolution
		SolutionGuid = {6AAE18E2-BB60-4BEA-A14F-6143CE6FB65F}
	EndGlobalSection
EndGlobal
